// !$*UTF8*$!
{
	archiveVersion = 1;
	classes = {
	};
	objectVersion = 56;
	objects = {

/* Begin PBXBuildFile section */
		3081554F2ADF4D6D0083DF4D /* AppDelegate.swift in Sources */ = {isa = PBXBuildFile; fileRef = 3081554E2ADF4D6D0083DF4D /* AppDelegate.swift */; };
		308155512ADF4D6D0083DF4D /* SceneDelegate.swift in Sources */ = {isa = PBXBuildFile; fileRef = 308155502ADF4D6D0083DF4D /* SceneDelegate.swift */; };
		308155532ADF4D6D0083DF4D /* ViewController.swift in Sources */ = {isa = PBXBuildFile; fileRef = 308155522ADF4D6D0083DF4D /* ViewController.swift */; };
		308155562ADF4D6D0083DF4D /* Main.storyboard in Resources */ = {isa = PBXBuildFile; fileRef = 308155542ADF4D6D0083DF4D /* Main.storyboard */; };
		308155582ADF4D6F0083DF4D /* Assets.xcassets in Resources */ = {isa = PBXBuildFile; fileRef = 308155572ADF4D6F0083DF4D /* Assets.xcassets */; };
		3081555B2ADF4D6F0083DF4D /* LaunchScreen.storyboard in Resources */ = {isa = PBXBuildFile; fileRef = 308155592ADF4D6F0083DF4D /* LaunchScreen.storyboard */; };
		308155662ADF4D6F0083DF4D /* TicTacToe_BoardTests.swift in Sources */ = {isa = PBXBuildFile; fileRef = 308155652ADF4D6F0083DF4D /* TicTacToe_BoardTests.swift */; };
		308155702ADF4D6F0083DF4D /* TicTacToe_BoardUITests.swift in Sources */ = {isa = PBXBuildFile; fileRef = 3081556F2ADF4D6F0083DF4D /* TicTacToe_BoardUITests.swift */; };
		308155722ADF4D6F0083DF4D /* TicTacToe_BoardUITestsLaunchTests.swift in Sources */ = {isa = PBXBuildFile; fileRef = 308155712ADF4D6F0083DF4D /* TicTacToe_BoardUITestsLaunchTests.swift */; };
/* End PBXBuildFile section */

/* Begin PBXContainerItemProxy section */
		308155622ADF4D6F0083DF4D /* PBXContainerItemProxy */ = {
			isa = PBXContainerItemProxy;
			containerPortal = 308155432ADF4D6D0083DF4D /* Project object */;
			proxyType = 1;
			remoteGlobalIDString = 3081554A2ADF4D6D0083DF4D;
			remoteInfo = "TicTacToe Board";
		};
		3081556C2ADF4D6F0083DF4D /* PBXContainerItemProxy */ = {
			isa = PBXContainerItemProxy;
			containerPortal = 308155432ADF4D6D0083DF4D /* Project object */;
			proxyType = 1;
			remoteGlobalIDString = 3081554A2ADF4D6D0083DF4D;
			remoteInfo = "TicTacToe Board";
		};
/* End PBXContainerItemProxy section */

/* Begin PBXFileReference section */
		3081554B2ADF4D6D0083DF4D /* TicTacToe Board.app */ = {isa = PBXFileReference; explicitFileType = wrapper.application; includeInIndex = 0; path = "TicTacToe Board.app"; sourceTree = BUILT_PRODUCTS_DIR; };
		3081554E2ADF4D6D0083DF4D /* AppDelegate.swift */ = {isa = PBXFileReference; lastKnownFileType = sourcecode.swift; path = AppDelegate.swift; sourceTree = "<group>"; };
		308155502ADF4D6D0083DF4D /* SceneDelegate.swift */ = {isa = PBXFileReference; lastKnownFileType = sourcecode.swift; path = SceneDelegate.swift; sourceTree = "<group>"; };
		308155522ADF4D6D0083DF4D /* ViewController.swift */ = {isa = PBXFileReference; lastKnownFileType = sourcecode.swift; path = ViewController.swift; sourceTree = "<group>"; };
		308155552ADF4D6D0083DF4D /* Base */ = {isa = PBXFileReference; lastKnownFileType = file.storyboard; name = Base; path = Base.lproj/Main.storyboard; sourceTree = "<group>"; };
		308155572ADF4D6F0083DF4D /* Assets.xcassets */ = {isa = PBXFileReference; lastKnownFileType = folder.assetcatalog; path = Assets.xcassets; sourceTree = "<group>"; };
		3081555A2ADF4D6F0083DF4D /* Base */ = {isa = PBXFileReference; lastKnownFileType = file.storyboard; name = Base; path = Base.lproj/LaunchScreen.storyboard; sourceTree = "<group>"; };
		3081555C2ADF4D6F0083DF4D /* Info.plist */ = {isa = PBXFileReference; lastKnownFileType = text.plist.xml; path = Info.plist; sourceTree = "<group>"; };
		308155612ADF4D6F0083DF4D /* TicTacToe BoardTests.xctest */ = {isa = PBXFileReference; explicitFileType = wrapper.cfbundle; includeInIndex = 0; path = "TicTacToe BoardTests.xctest"; sourceTree = BUILT_PRODUCTS_DIR; };
		308155652ADF4D6F0083DF4D /* TicTacToe_BoardTests.swift */ = {isa = PBXFileReference; lastKnownFileType = sourcecode.swift; path = TicTacToe_BoardTests.swift; sourceTree = "<group>"; };
		3081556B2ADF4D6F0083DF4D /* TicTacToe BoardUITests.xctest */ = {isa = PBXFileReference; explicitFileType = wrapper.cfbundle; includeInIndex = 0; path = "TicTacToe BoardUITests.xctest"; sourceTree = BUILT_PRODUCTS_DIR; };
		3081556F2ADF4D6F0083DF4D /* TicTacToe_BoardUITests.swift */ = {isa = PBXFileReference; lastKnownFileType = sourcecode.swift; path = TicTacToe_BoardUITests.swift; sourceTree = "<group>"; };
		308155712ADF4D6F0083DF4D /* TicTacToe_BoardUITestsLaunchTests.swift */ = {isa = PBXFileReference; lastKnownFileType = sourcecode.swift; path = TicTacToe_BoardUITestsLaunchTests.swift; sourceTree = "<group>"; };
/* End PBXFileReference section */

/* Begin PBXFrameworksBuildPhase section */
		308155482ADF4D6D0083DF4D /* Frameworks */ = {
			isa = PBXFrameworksBuildPhase;
			buildActionMask = 2147483647;
			files = (
			);
			runOnlyForDeploymentPostprocessing = 0;
		};
		3081555E2ADF4D6F0083DF4D /* Frameworks */ = {
			isa = PBXFrameworksBuildPhase;
			buildActionMask = 2147483647;
			files = (
			);
			runOnlyForDeploymentPostprocessing = 0;
		};
		308155682ADF4D6F0083DF4D /* Frameworks */ = {
			isa = PBXFrameworksBuildPhase;
			buildActionMask = 2147483647;
			files = (
			);
			runOnlyForDeploymentPostprocessing = 0;
		};
/* End PBXFrameworksBuildPhase section */

/* Begin PBXGroup section */
		308155422ADF4D6D0083DF4D = {
			isa = PBXGroup;
			children = (
				3081554D2ADF4D6D0083DF4D /* TicTacToe Board */,
				308155642ADF4D6F0083DF4D /* TicTacToe BoardTests */,
				3081556E2ADF4D6F0083DF4D /* TicTacToe BoardUITests */,
				3081554C2ADF4D6D0083DF4D /* Products */,
			);
			sourceTree = "<group>";
		};
		3081554C2ADF4D6D0083DF4D /* Products */ = {
			isa = PBXGroup;
			children = (
				3081554B2ADF4D6D0083DF4D /* TicTacToe Board.app */,
				308155612ADF4D6F0083DF4D /* TicTacToe BoardTests.xctest */,
				3081556B2ADF4D6F0083DF4D /* TicTacToe BoardUITests.xctest */,
			);
			name = Products;
			sourceTree = "<group>";
		};
		3081554D2ADF4D6D0083DF4D /* TicTacToe Board */ = {
			isa = PBXGroup;
			children = (
				3081554E2ADF4D6D0083DF4D /* AppDelegate.swift */,
				308155502ADF4D6D0083DF4D /* SceneDelegate.swift */,
				308155522ADF4D6D0083DF4D /* ViewController.swift */,
				308155542ADF4D6D0083DF4D /* Main.storyboard */,
				308155572ADF4D6F0083DF4D /* Assets.xcassets */,
				308155592ADF4D6F0083DF4D /* LaunchScreen.storyboard */,
				3081555C2ADF4D6F0083DF4D /* Info.plist */,
			);
			path = "TicTacToe Board";
			sourceTree = "<group>";
		};
		308155642ADF4D6F0083DF4D /* TicTacToe BoardTests */ = {
			isa = PBXGroup;
			children = (
				308155652ADF4D6F0083DF4D /* TicTacToe_BoardTests.swift */,
			);
			path = "TicTacToe BoardTests";
			sourceTree = "<group>";
		};
		3081556E2ADF4D6F0083DF4D /* TicTacToe BoardUITests */ = {
			isa = PBXGroup;
			children = (
				3081556F2ADF4D6F0083DF4D /* TicTacToe_BoardUITests.swift */,
				308155712ADF4D6F0083DF4D /* TicTacToe_BoardUITestsLaunchTests.swift */,
			);
			path = "TicTacToe BoardUITests";
			sourceTree = "<group>";
		};
/* End PBXGroup section */

/* Begin PBXNativeTarget section */
		3081554A2ADF4D6D0083DF4D /* TicTacToe Board */ = {
			isa = PBXNativeTarget;
			buildConfigurationList = 308155752ADF4D6F0083DF4D /* Build configuration list for PBXNativeTarget "TicTacToe Board" */;
			buildPhases = (
				308155472ADF4D6D0083DF4D /* Sources */,
				308155482ADF4D6D0083DF4D /* Frameworks */,
				308155492ADF4D6D0083DF4D /* Resources */,
			);
			buildRules = (
			);
			dependencies = (
			);
			name = "TicTacToe Board";
			productName = "TicTacToe Board";
			productReference = 3081554B2ADF4D6D0083DF4D /* TicTacToe Board.app */;
			productType = "com.apple.product-type.application";
		};
		308155602ADF4D6F0083DF4D /* TicTacToe BoardTests */ = {
			isa = PBXNativeTarget;
			buildConfigurationList = 308155782ADF4D6F0083DF4D /* Build configuration list for PBXNativeTarget "TicTacToe BoardTests" */;
			buildPhases = (
				3081555D2ADF4D6F0083DF4D /* Sources */,
				3081555E2ADF4D6F0083DF4D /* Frameworks */,
				3081555F2ADF4D6F0083DF4D /* Resources */,
			);
			buildRules = (
			);
			dependencies = (
				308155632ADF4D6F0083DF4D /* PBXTargetDependency */,
			);
			name = "TicTacToe BoardTests";
			productName = "TicTacToe BoardTests";
			productReference = 308155612ADF4D6F0083DF4D /* TicTacToe BoardTests.xctest */;
			productType = "com.apple.product-type.bundle.unit-test";
		};
		3081556A2ADF4D6F0083DF4D /* TicTacToe BoardUITests */ = {
			isa = PBXNativeTarget;
			buildConfigurationList = 3081557B2ADF4D6F0083DF4D /* Build configuration list for PBXNativeTarget "TicTacToe BoardUITests" */;
			buildPhases = (
				308155672ADF4D6F0083DF4D /* Sources */,
				308155682ADF4D6F0083DF4D /* Frameworks */,
				308155692ADF4D6F0083DF4D /* Resources */,
			);
			buildRules = (
			);
			dependencies = (
				3081556D2ADF4D6F0083DF4D /* PBXTargetDependency */,
			);
			name = "TicTacToe BoardUITests";
			productName = "TicTacToe BoardUITests";
			productReference = 3081556B2ADF4D6F0083DF4D /* TicTacToe BoardUITests.xctest */;
			productType = "com.apple.product-type.bundle.ui-testing";
		};
/* End PBXNativeTarget section */

/* Begin PBXProject section */
		308155432ADF4D6D0083DF4D /* Project object */ = {
			isa = PBXProject;
			attributes = {
				BuildIndependentTargetsInParallel = 1;
				LastSwiftUpdateCheck = 1500;
				LastUpgradeCheck = 1500;
				TargetAttributes = {
					3081554A2ADF4D6D0083DF4D = {
						CreatedOnToolsVersion = 15.0;
					};
					308155602ADF4D6F0083DF4D = {
						CreatedOnToolsVersion = 15.0;
						TestTargetID = 3081554A2ADF4D6D0083DF4D;
					};
					3081556A2ADF4D6F0083DF4D = {
						CreatedOnToolsVersion = 15.0;
						TestTargetID = 3081554A2ADF4D6D0083DF4D;
					};
				};
			};
			buildConfigurationList = 308155462ADF4D6D0083DF4D /* Build configuration list for PBXProject "TicTacToe Board" */;
			compatibilityVersion = "Xcode 14.0";
			developmentRegion = en;
			hasScannedForEncodings = 0;
			knownRegions = (
				en,
				Base,
			);
			mainGroup = 308155422ADF4D6D0083DF4D;
			productRefGroup = 3081554C2ADF4D6D0083DF4D /* Products */;
			projectDirPath = "";
			projectRoot = "";
			targets = (
				3081554A2ADF4D6D0083DF4D /* TicTacToe Board */,
				308155602ADF4D6F0083DF4D /* TicTacToe BoardTests */,
				3081556A2ADF4D6F0083DF4D /* TicTacToe BoardUITests */,
			);
		};
/* End PBXProject section */

/* Begin PBXResourcesBuildPhase section */
		308155492ADF4D6D0083DF4D /* Resources */ = {
			isa = PBXResourcesBuildPhase;
			buildActionMask = 2147483647;
			files = (
				3081555B2ADF4D6F0083DF4D /* LaunchScreen.storyboard in Resources */,
				308155582ADF4D6F0083DF4D /* Assets.xcassets in Resources */,
				308155562ADF4D6D0083DF4D /* Main.storyboard in Resources */,
			);
			runOnlyForDeploymentPostprocessing = 0;
		};
		3081555F2ADF4D6F0083DF4D /* Resources */ = {
			isa = PBXResourcesBuildPhase;
			buildActionMask = 2147483647;
			files = (
			);
			runOnlyForDeploymentPostprocessing = 0;
		};
		308155692ADF4D6F0083DF4D /* Resources */ = {
			isa = PBXResourcesBuildPhase;
			buildActionMask = 2147483647;
			files = (
			);
			runOnlyForDeploymentPostprocessing = 0;
		};
/* End PBXResourcesBuildPhase section */

/* Begin PBXSourcesBuildPhase section */
		308155472ADF4D6D0083DF4D /* Sources */ = {
			isa = PBXSourcesBuildPhase;
			buildActionMask = 2147483647;
			files = (
				308155532ADF4D6D0083DF4D /* ViewController.swift in Sources */,
				3081554F2ADF4D6D0083DF4D /* AppDelegate.swift in Sources */,
				308155512ADF4D6D0083DF4D /* SceneDelegate.swift in Sources */,
			);
			runOnlyForDeploymentPostprocessing = 0;
		};
		3081555D2ADF4D6F0083DF4D /* Sources */ = {
			isa = PBXSourcesBuildPhase;
			buildActionMask = 2147483647;
			files = (
				308155662ADF4D6F0083DF4D /* TicTacToe_BoardTests.swift in Sources */,
			);
			runOnlyForDeploymentPostprocessing = 0;
		};
		308155672ADF4D6F0083DF4D /* Sources */ = {
			isa = PBXSourcesBuildPhase;
			buildActionMask = 2147483647;
			files = (
				308155722ADF4D6F0083DF4D /* TicTacToe_BoardUITestsLaunchTests.swift in Sources */,
				308155702ADF4D6F0083DF4D /* TicTacToe_BoardUITests.swift in Sources */,
			);
			runOnlyForDeploymentPostprocessing = 0;
		};
/* End PBXSourcesBuildPhase section */

/* Begin PBXTargetDependency section */
		308155632ADF4D6F0083DF4D /* PBXTargetDependency */ = {
			isa = PBXTargetDependency;
			target = 3081554A2ADF4D6D0083DF4D /* TicTacToe Board */;
			targetProxy = 308155622ADF4D6F0083DF4D /* PBXContainerItemProxy */;
		};
		3081556D2ADF4D6F0083DF4D /* PBXTargetDependency */ = {
			isa = PBXTargetDependency;
			target = 3081554A2ADF4D6D0083DF4D /* TicTacToe Board */;
			targetProxy = 3081556C2ADF4D6F0083DF4D /* PBXContainerItemProxy */;
		};
/* End PBXTargetDependency section */

/* Begin PBXVariantGroup section */
		308155542ADF4D6D0083DF4D /* Main.storyboard */ = {
			isa = PBXVariantGroup;
			children = (
				308155552ADF4D6D0083DF4D /* Base */,
			);
			name = Main.storyboard;
			sourceTree = "<group>";
		};
		308155592ADF4D6F0083DF4D /* LaunchScreen.storyboard */ = {
			isa = PBXVariantGroup;
			children = (
				3081555A2ADF4D6F0083DF4D /* Base */,
			);
			name = LaunchScreen.storyboard;
			sourceTree = "<group>";
		};
/* End PBXVariantGroup section */

/* Begin XCBuildConfiguration section */
		308155732ADF4D6F0083DF4D /* Debug */ = {
			isa = XCBuildConfiguration;
			buildSettings = {
				ALWAYS_SEARCH_USER_PATHS = NO;
				ASSETCATALOG_COMPILER_GENERATE_SWIFT_ASSET_SYMBOL_EXTENSIONS = YES;
				CLANG_ANALYZER_NONNULL = YES;
				CLANG_ANALYZER_NUMBER_OBJECT_CONVERSION = YES_AGGRESSIVE;
				CLANG_CXX_LANGUAGE_STANDARD = "gnu++20";
				CLANG_ENABLE_MODULES = YES;
				CLANG_ENABLE_OBJC_ARC = YES;
				CLANG_ENABLE_OBJC_WEAK = YES;
				CLANG_WARN_BLOCK_CAPTURE_AUTORELEASING = YES;
				CLANG_WARN_BOOL_CONVERSION = YES;
				CLANG_WARN_COMMA = YES;
				CLANG_WARN_CONSTANT_CONVERSION = YES;
				CLANG_WARN_DEPRECATED_OBJC_IMPLEMENTATIONS = YES;
				CLANG_WARN_DIRECT_OBJC_ISA_USAGE = YES_ERROR;
				CLANG_WARN_DOCUMENTATION_COMMENTS = YES;
				CLANG_WARN_EMPTY_BODY = YES;
				CLANG_WARN_ENUM_CONVERSION = YES;
				CLANG_WARN_INFINITE_RECURSION = YES;
				CLANG_WARN_INT_CONVERSION = YES;
				CLANG_WARN_NON_LITERAL_NULL_CONVERSION = YES;
				CLANG_WARN_OBJC_IMPLICIT_RETAIN_SELF = YES;
				CLANG_WARN_OBJC_LITERAL_CONVERSION = YES;
				CLANG_WARN_OBJC_ROOT_CLASS = YES_ERROR;
				CLANG_WARN_QUOTED_INCLUDE_IN_FRAMEWORK_HEADER = YES;
				CLANG_WARN_RANGE_LOOP_ANALYSIS = YES;
				CLANG_WARN_STRICT_PROTOTYPES = YES;
				CLANG_WARN_SUSPICIOUS_MOVE = YES;
				CLANG_WARN_UNGUARDED_AVAILABILITY = YES_AGGRESSIVE;
				CLANG_WARN_UNREACHABLE_CODE = YES;
				CLANG_WARN__DUPLICATE_METHOD_MATCH = YES;
				COPY_PHASE_STRIP = NO;
				DEBUG_INFORMATION_FORMAT = dwarf;
				ENABLE_STRICT_OBJC_MSGSEND = YES;
				ENABLE_TESTABILITY = YES;
				ENABLE_USER_SCRIPT_SANDBOXING = YES;
				GCC_C_LANGUAGE_STANDARD = gnu17;
				GCC_DYNAMIC_NO_PIC = NO;
				GCC_NO_COMMON_BLOCKS = YES;
				GCC_OPTIMIZATION_LEVEL = 0;
				GCC_PREPROCESSOR_DEFINITIONS = (
					"DEBUG=1",
					"$(inherited)",
				);
				GCC_WARN_64_TO_32_BIT_CONVERSION = YES;
				GCC_WARN_ABOUT_RETURN_TYPE = YES_ERROR;
				GCC_WARN_UNDECLARED_SELECTOR = YES;
				GCC_WARN_UNINITIALIZED_AUTOS = YES_AGGRESSIVE;
				GCC_WARN_UNUSED_FUNCTION = YES;
				GCC_WARN_UNUSED_VARIABLE = YES;
				IPHONEOS_DEPLOYMENT_TARGET = 17.0;
				LOCALIZATION_PREFERS_STRING_CATALOGS = YES;
				MTL_ENABLE_DEBUG_INFO = INCLUDE_SOURCE;
				MTL_FAST_MATH = YES;
				ONLY_ACTIVE_ARCH = YES;
				SDKROOT = iphoneos;
				SWIFT_ACTIVE_COMPILATION_CONDITIONS = "DEBUG $(inherited)";
				SWIFT_OPTIMIZATION_LEVEL = "-Onone";
			};
			name = Debug;
		};
		308155742ADF4D6F0083DF4D /* Release */ = {
			isa = XCBuildConfiguration;
			buildSettings = {
				ALWAYS_SEARCH_USER_PATHS = NO;
				ASSETCATALOG_COMPILER_GENERATE_SWIFT_ASSET_SYMBOL_EXTENSIONS = YES;
				CLANG_ANALYZER_NONNULL = YES;
				CLANG_ANALYZER_NUMBER_OBJECT_CONVERSION = YES_AGGRESSIVE;
				CLANG_CXX_LANGUAGE_STANDARD = "gnu++20";
				CLANG_ENABLE_MODULES = YES;
				CLANG_ENABLE_OBJC_ARC = YES;
				CLANG_ENABLE_OBJC_WEAK = YES;
				CLANG_WARN_BLOCK_CAPTURE_AUTORELEASING = YES;
				CLANG_WARN_BOOL_CONVERSION = YES;
				CLANG_WARN_COMMA = YES;
				CLANG_WARN_CONSTANT_CONVERSION = YES;
				CLANG_WARN_DEPRECATED_OBJC_IMPLEMENTATIONS = YES;
				CLANG_WARN_DIRECT_OBJC_ISA_USAGE = YES_ERROR;
				CLANG_WARN_DOCUMENTATION_COMMENTS = YES;
				CLANG_WARN_EMPTY_BODY = YES;
				CLANG_WARN_ENUM_CONVERSION = YES;
				CLANG_WARN_INFINITE_RECURSION = YES;
				CLANG_WARN_INT_CONVERSION = YES;
				CLANG_WARN_NON_LITERAL_NULL_CONVERSION = YES;
				CLANG_WARN_OBJC_IMPLICIT_RETAIN_SELF = YES;
				CLANG_WARN_OBJC_LITERAL_CONVERSION = YES;
				CLANG_WARN_OBJC_ROOT_CLASS = YES_ERROR;
				CLANG_WARN_QUOTED_INCLUDE_IN_FRAMEWORK_HEADER = YES;
				CLANG_WARN_RANGE_LOOP_ANALYSIS = YES;
				CLANG_WARN_STRICT_PROTOTYPES = YES;
				CLANG_WARN_SUSPICIOUS_MOVE = YES;
				CLANG_WARN_UNGUARDED_AVAILABILITY = YES_AGGRESSIVE;
				CLANG_WARN_UNREACHABLE_CODE = YES;
				CLANG_WARN__DUPLICATE_METHOD_MATCH = YES;
				COPY_PHASE_STRIP = NO;
				DEBUG_INFORMATION_FORMAT = "dwarf-with-dsym";
				ENABLE_NS_ASSERTIONS = NO;
				ENABLE_STRICT_OBJC_MSGSEND = YES;
				ENABLE_USER_SCRIPT_SANDBOXING = YES;
				GCC_C_LANGUAGE_STANDARD = gnu17;
				GCC_NO_COMMON_BLOCKS = YES;
				GCC_WARN_64_TO_32_BIT_CONVERSION = YES;
				GCC_WARN_ABOUT_RETURN_TYPE = YES_ERROR;
				GCC_WARN_UNDECLARED_SELECTOR = YES;
				GCC_WARN_UNINITIALIZED_AUTOS = YES_AGGRESSIVE;
				GCC_WARN_UNUSED_FUNCTION = YES;
				GCC_WARN_UNUSED_VARIABLE = YES;
				IPHONEOS_DEPLOYMENT_TARGET = 17.0;
				LOCALIZATION_PREFERS_STRING_CATALOGS = YES;
				MTL_ENABLE_DEBUG_INFO = NO;
				MTL_FAST_MATH = YES;
				SDKROOT = iphoneos;
				SWIFT_COMPILATION_MODE = wholemodule;
				VALIDATE_PRODUCT = YES;
			};
			name = Release;
		};
		308155762ADF4D6F0083DF4D /* Debug */ = {
			isa = XCBuildConfiguration;
			buildSettings = {
				ASSETCATALOG_COMPILER_APPICON_NAME = AppIcon;
				ASSETCATALOG_COMPILER_GLOBAL_ACCENT_COLOR_NAME = AccentColor;
				CODE_SIGN_STYLE = Automatic;
				CURRENT_PROJECT_VERSION = 1;
				GENERATE_INFOPLIST_FILE = YES;
				INFOPLIST_FILE = "TicTacToe Board/Info.plist";
				INFOPLIST_KEY_UIApplicationSupportsIndirectInputEvents = YES;
				INFOPLIST_KEY_UILaunchStoryboardName = LaunchScreen;
				INFOPLIST_KEY_UIMainStoryboardFile = Main;
				INFOPLIST_KEY_UISupportedInterfaceOrientations_iPad = "UIInterfaceOrientationPortrait UIInterfaceOrientationPortraitUpsideDown UIInterfaceOrientationLandscapeLeft UIInterfaceOrientationLandscapeRight";
				INFOPLIST_KEY_UISupportedInterfaceOrientations_iPhone = "UIInterfaceOrientationPortrait UIInterfaceOrientationLandscapeLeft UIInterfaceOrientationLandscapeRight";
				LD_RUNPATH_SEARCH_PATHS = (
					"$(inherited)",
					"@executable_path/Frameworks",
				);
				MARKETING_VERSION = 1.0;
				PRODUCT_BUNDLE_IDENTIFIER = "com.jhytai.TicTacToe-Board";
				PRODUCT_NAME = "$(TARGET_NAME)";
				SWIFT_EMIT_LOC_STRINGS = YES;
				SWIFT_VERSION = 5.0;
				TARGETED_DEVICE_FAMILY = "1,2";
			};
			name = Debug;
		};
		308155772ADF4D6F0083DF4D /* Release */ = {
			isa = XCBuildConfiguration;
			buildSettings = {
				ASSETCATALOG_COMPILER_APPICON_NAME = AppIcon;
				ASSETCATALOG_COMPILER_GLOBAL_ACCENT_COLOR_NAME = AccentColor;
				CODE_SIGN_STYLE = Automatic;
				CURRENT_PROJECT_VERSION = 1;
				GENERATE_INFOPLIST_FILE = YES;
				INFOPLIST_FILE = "TicTacToe Board/Info.plist";
				INFOPLIST_KEY_UIApplicationSupportsIndirectInputEvents = YES;
				INFOPLIST_KEY_UILaunchStoryboardName = LaunchScreen;
				INFOPLIST_KEY_UIMainStoryboardFile = Main;
				INFOPLIST_KEY_UISupportedInterfaceOrientations_iPad = "UIInterfaceOrientationPortrait UIInterfaceOrientationPortraitUpsideDown UIInterfaceOrientationLandscapeLeft UIInterfaceOrientationLandscapeRight";
				INFOPLIST_KEY_UISupportedInterfaceOrientations_iPhone = "UIInterfaceOrientationPortrait UIInterfaceOrientationLandscapeLeft UIInterfaceOrientationLandscapeRight";
				LD_RUNPATH_SEARCH_PATHS = (
					"$(inherited)",
					"@executable_path/Frameworks",
				);
				MARKETING_VERSION = 1.0;
				PRODUCT_BUNDLE_IDENTIFIER = "com.jhytai.TicTacToe-Board";
				PRODUCT_NAME = "$(TARGET_NAME)";
				SWIFT_EMIT_LOC_STRINGS = YES;
				SWIFT_VERSION = 5.0;
				TARGETED_DEVICE_FAMILY = "1,2";
			};
			name = Release;
		};
		308155792ADF4D6F0083DF4D /* Debug */ = {
			isa = XCBuildConfiguration;
			buildSettings = {
				ALWAYS_EMBED_SWIFT_STANDARD_LIBRARIES = YES;
				BUNDLE_LOADER = "$(TEST_HOST)";
				CODE_SIGN_STYLE = Automatic;
				CURRENT_PROJECT_VERSION = 1;
				GENERATE_INFOPLIST_FILE = YES;
				IPHONEOS_DEPLOYMENT_TARGET = 17.0;
				MARKETING_VERSION = 1.0;
				PRODUCT_BUNDLE_IDENTIFIER = "com.jhytai.TicTacToe-BoardTests";
				PRODUCT_NAME = "$(TARGET_NAME)";
				SWIFT_EMIT_LOC_STRINGS = NO;
				SWIFT_VERSION = 5.0;
				TARGETED_DEVICE_FAMILY = "1,2";
				TEST_HOST = "$(BUILT_PRODUCTS_DIR)/TicTacToe Board.app/$(BUNDLE_EXECUTABLE_FOLDER_PATH)/TicTacToe Board";
			};
			name = Debug;
		};
		3081557A2ADF4D6F0083DF4D /* Release */ = {
			isa = XCBuildConfiguration;
			buildSettings = {
				ALWAYS_EMBED_SWIFT_STANDARD_LIBRARIES = YES;
				BUNDLE_LOADER = "$(TEST_HOST)";
				CODE_SIGN_STYLE = Automatic;
				CURRENT_PROJECT_VERSION = 1;
				GENERATE_INFOPLIST_FILE = YES;
				IPHONEOS_DEPLOYMENT_TARGET = 17.0;
				MARKETING_VERSION = 1.0;
				PRODUCT_BUNDLE_IDENTIFIER = "com.jhytai.TicTacToe-BoardTests";
				PRODUCT_NAME = "$(TARGET_NAME)";
				SWIFT_EMIT_LOC_STRINGS = NO;
				SWIFT_VERSION = 5.0;
				TARGETED_DEVICE_FAMILY = "1,2";
				TEST_HOST = "$(BUILT_PRODUCTS_DIR)/TicTacToe Board.app/$(BUNDLE_EXECUTABLE_FOLDER_PATH)/TicTacToe Board";
			};
			name = Release;
		};
		3081557C2ADF4D6F0083DF4D /* Debug */ = {
			isa = XCBuildConfiguration;
			buildSettings = {
				ALWAYS_EMBED_SWIFT_STANDARD_LIBRARIES = YES;
				CODE_SIGN_STYLE = Automatic;
				CURRENT_PROJECT_VERSION = 1;
				GENERATE_INFOPLIST_FILE = YES;
				MARKETING_VERSION = 1.0;
				PRODUCT_BUNDLE_IDENTIFIER = "com.jhytai.TicTacToe-BoardUITests";
				PRODUCT_NAME = "$(TARGET_NAME)";
				SWIFT_EMIT_LOC_STRINGS = NO;
				SWIFT_VERSION = 5.0;
				TARGETED_DEVICE_FAMILY = "1,2";
				TEST_TARGET_NAME = "TicTacToe Board";
			};
			name = Debug;
		};
		3081557D2ADF4D6F0083DF4D /* Release */ = {
			isa = XCBuildConfiguration;
			buildSettings = {
				ALWAYS_EMBED_SWIFT_STANDARD_LIBRARIES = YES;
				CODE_SIGN_STYLE = Automatic;
				CURRENT_PROJECT_VERSION = 1;
				GENERATE_INFOPLIST_FILE = YES;
				MARKETING_VERSION = 1.0;
				PRODUCT_BUNDLE_IDENTIFIER = "com.jhytai.TicTacToe-BoardUITests";
				PRODUCT_NAME = "$(TARGET_NAME)";
				SWIFT_EMIT_LOC_STRINGS = NO;
				SWIFT_VERSION = 5.0;
				TARGETED_DEVICE_FAMILY = "1,2";
				TEST_TARGET_NAME = "TicTacToe Board";
			};
			name = Release;
		};
/* End XCBuildConfiguration section */

/* Begin XCConfigurationList section */
		308155462ADF4D6D0083DF4D /* Build configuration list for PBXProject "TicTacToe Board" */ = {
			isa = XCConfigurationList;
			buildConfigurations = (
				308155732ADF4D6F0083DF4D /* Debug */,
				308155742ADF4D6F0083DF4D /* Release */,
			);
			defaultConfigurationIsVisible = 0;
			defaultConfigurationName = Release;
		};
		308155752ADF4D6F0083DF4D /* Build configuration list for PBXNativeTarget "TicTacToe Board" */ = {
			isa = XCConfigurationList;
			buildConfigurations = (
				308155762ADF4D6F0083DF4D /* Debug */,
				308155772ADF4D6F0083DF4D /* Release */,
			);
			defaultConfigurationIsVisible = 0;
			defaultConfigurationName = Release;
		};
		308155782ADF4D6F0083DF4D /* Build configuration list for PBXNativeTarget "TicTacToe BoardTests" */ = {
			isa = XCConfigurationList;
			buildConfigurations = (
				308155792ADF4D6F0083DF4D /* Debug */,
				3081557A2ADF4D6F0083DF4D /* Release */,
			);
			defaultConfigurationIsVisible = 0;
			defaultConfigurationName = Release;
		};
		3081557B2ADF4D6F0083DF4D /* Build configuration list for PBXNativeTarget "TicTacToe BoardUITests" */ = {
			isa = XCConfigurationList;
			buildConfigurations = (
				3081557C2ADF4D6F0083DF4D /* Debug */,
				3081557D2ADF4D6F0083DF4D /* Release */,
			);
			defaultConfigurationIsVisible = 0;
			defaultConfigurationName = Release;
		};
/* End XCConfigurationList section */
	};
	rootObject = 308155432ADF4D6D0083DF4D /* Project object */;
}
